
Microsoft Visual Studio Solution File, Format Version 11.00
# Visual Studio 2010
Project("{2150E333-8FDC-42A3-9474-1A3956D46DE8}") = "Visitor", "Visitor", "{5F0B76E6-C1E1-4C35-8A89-594CDA3E8C04}"
EndProject
Project("{2150E333-8FDC-42A3-9474-1A3956D46DE8}") = "Interpreter", "Interpreter", "{B6B71C82-0267-497C-BFBF-D6F59829D04D}"
EndProject
Project("{FAE04EC0-301F-11D3-BF4B-00C04F79EFBC}") = "Intepreter", "Intepreter\Intepreter\Intepreter.csproj", "{923E12D4-1758-4F18-BE9F-6AD89DEF7645}"
EndProject
Project("{FAE04EC0-301F-11D3-BF4B-00C04F79EFBC}") = "IntepreterTest", "Intepreter\IntepreterTest\IntepreterTest.csproj", "{0C1F2D04-9F23-4D0C-AFEB-2A97B024A7B9}"
EndProject
Project("{FAE04EC0-301F-11D3-BF4B-00C04F79EFBC}") = "RefactoringToVisitor", "visitor\RefactoringToVisitor.csproj", "{0D6BB3D9-7136-404F-8F4B-E6BD42C1FCB3}"
EndProject
Project("{FAE04EC0-301F-11D3-BF4B-00C04F79EFBC}") = "Chinese2ArabicNumerals", "Intepreter\Chinese2ArabicNumerals\Chinese2ArabicNumerals.csproj", "{639A5242-AAD0-4976-AEED-EE4D2EB4B04E}"
EndProject
Project("{FAE04EC0-301F-11D3-BF4B-00C04F79EFBC}") = "MaskExpression", "Intepreter\MaskExpression\MaskExpression.csproj", "{26E869AB-1AA0-4AE3-A905-1C54C8DB554D}"
EndProject
Project("{2150E333-8FDC-42A3-9474-1A3956D46DE8}") = "Strategy", "Strategy", "{76BC5FE8-8B8B-4E9D-8795-4E11BB26065A}"
EndProject
Project("{2150E333-8FDC-42A3-9474-1A3956D46DE8}") = "not-determined", "not-determined", "{0768BEAA-4872-4797-9493-EFAD0631E740}"
EndProject
Project("{FAE04EC0-301F-11D3-BF4B-00C04F79EFBC}") = "TaxCalc", "other\TaxCalc\TaxCalc.csproj", "{CAB4340D-13F0-46D9-934D-2078F355AC2F}"
EndProject
Project("{FAE04EC0-301F-11D3-BF4B-00C04F79EFBC}") = "Ipad", "Ipad\Ipad.csproj", "{9D599AC9-04DB-4CAE-B8D1-6406198424C6}"
EndProject
Global
	GlobalSection(SolutionConfigurationPlatforms) = preSolution
		Debug|Any CPU = Debug|Any CPU
		Release|Any CPU = Release|Any CPU
	EndGlobalSection
	GlobalSection(ProjectConfigurationPlatforms) = postSolution
		{923E12D4-1758-4F18-BE9F-6AD89DEF7645}.Debug|Any CPU.ActiveCfg = Debug|Any CPU
		{923E12D4-1758-4F18-BE9F-6AD89DEF7645}.Debug|Any CPU.Build.0 = Debug|Any CPU
		{923E12D4-1758-4F18-BE9F-6AD89DEF7645}.Release|Any CPU.ActiveCfg = Release|Any CPU
		{923E12D4-1758-4F18-BE9F-6AD89DEF7645}.Release|Any CPU.Build.0 = Release|Any CPU
		{0C1F2D04-9F23-4D0C-AFEB-2A97B024A7B9}.Debug|Any CPU.ActiveCfg = Debug|Any CPU
		{0C1F2D04-9F23-4D0C-AFEB-2A97B024A7B9}.Debug|Any CPU.Build.0 = Debug|Any CPU
		{0C1F2D04-9F23-4D0C-AFEB-2A97B024A7B9}.Release|Any CPU.ActiveCfg = Release|Any CPU
		{0C1F2D04-9F23-4D0C-AFEB-2A97B024A7B9}.Release|Any CPU.Build.0 = Release|Any CPU
		{0D6BB3D9-7136-404F-8F4B-E6BD42C1FCB3}.Debug|Any CPU.ActiveCfg = Debug|Any CPU
		{0D6BB3D9-7136-404F-8F4B-E6BD42C1FCB3}.Debug|Any CPU.Build.0 = Debug|Any CPU
		{0D6BB3D9-7136-404F-8F4B-E6BD42C1FCB3}.Release|Any CPU.ActiveCfg = Release|Any CPU
		{0D6BB3D9-7136-404F-8F4B-E6BD42C1FCB3}.Release|Any CPU.Build.0 = Release|Any CPU
		{639A5242-AAD0-4976-AEED-EE4D2EB4B04E}.Debug|Any CPU.ActiveCfg = Debug|Any CPU
		{639A5242-AAD0-4976-AEED-EE4D2EB4B04E}.Debug|Any CPU.Build.0 = Debug|Any CPU
		{639A5242-AAD0-4976-AEED-EE4D2EB4B04E}.Release|Any CPU.ActiveCfg = Release|Any CPU
		{639A5242-AAD0-4976-AEED-EE4D2EB4B04E}.Release|Any CPU.Build.0 = Release|Any CPU
		{26E869AB-1AA0-4AE3-A905-1C54C8DB554D}.Debug|Any CPU.ActiveCfg = Debug|Any CPU
		{26E869AB-1AA0-4AE3-A905-1C54C8DB554D}.Debug|Any CPU.Build.0 = Debug|Any CPU
		{26E869AB-1AA0-4AE3-A905-1C54C8DB554D}.Release|Any CPU.ActiveCfg = Release|Any CPU
		{26E869AB-1AA0-4AE3-A905-1C54C8DB554D}.Release|Any CPU.Build.0 = Release|Any CPU
		{CAB4340D-13F0-46D9-934D-2078F355AC2F}.Debug|Any CPU.ActiveCfg = Debug|Any CPU
		{CAB4340D-13F0-46D9-934D-2078F355AC2F}.Debug|Any CPU.Build.0 = Debug|Any CPU
		{CAB4340D-13F0-46D9-934D-2078F355AC2F}.Release|Any CPU.ActiveCfg = Release|Any CPU
		{CAB4340D-13F0-46D9-934D-2078F355AC2F}.Release|Any CPU.Build.0 = Release|Any CPU
		{9D599AC9-04DB-4CAE-B8D1-6406198424C6}.Debug|Any CPU.ActiveCfg = Debug|Any CPU
		{9D599AC9-04DB-4CAE-B8D1-6406198424C6}.Debug|Any CPU.Build.0 = Debug|Any CPU
		{9D599AC9-04DB-4CAE-B8D1-6406198424C6}.Release|Any CPU.ActiveCfg = Release|Any CPU
		{9D599AC9-04DB-4CAE-B8D1-6406198424C6}.Release|Any CPU.Build.0 = Release|Any CPU
	EndGlobalSection
	GlobalSection(SolutionProperties) = preSolution
		HideSolutionNode = FALSE
	EndGlobalSection
	GlobalSection(NestedProjects) = preSolution
		{0D6BB3D9-7136-404F-8F4B-E6BD42C1FCB3} = {5F0B76E6-C1E1-4C35-8A89-594CDA3E8C04}
		{923E12D4-1758-4F18-BE9F-6AD89DEF7645} = {B6B71C82-0267-497C-BFBF-D6F59829D04D}
		{0C1F2D04-9F23-4D0C-AFEB-2A97B024A7B9} = {B6B71C82-0267-497C-BFBF-D6F59829D04D}
		{639A5242-AAD0-4976-AEED-EE4D2EB4B04E} = {B6B71C82-0267-497C-BFBF-D6F59829D04D}
		{26E869AB-1AA0-4AE3-A905-1C54C8DB554D} = {B6B71C82-0267-497C-BFBF-D6F59829D04D}
		{9D599AC9-04DB-4CAE-B8D1-6406198424C6} = {76BC5FE8-8B8B-4E9D-8795-4E11BB26065A}
		{CAB4340D-13F0-46D9-934D-2078F355AC2F} = {0768BEAA-4872-4797-9493-EFAD0631E740}
	EndGlobalSection
EndGlobal
